
Microsoft Visual Studio Solution File, Format Version 12.00
# Visual Studio 15
VisualStudioVersion = 15.0.26403.7
MinimumVisualStudioVersion = 10.0.40219.1
Project("{FAE04EC0-301F-11D3-BF4B-00C04F79EFBC}") = "VideoStore.Startup", "VideoStore.Startup\VideoStore.Startup.csproj", "{E5EA0189-3E57-4DD8-8033-AF1B6562F173}"
EndProject
Project("{FAE04EC0-301F-11D3-BF4B-00C04F79EFBC}") = "VideoStore.ViewModels", "VideoStore.ViewModels\VideoStore.ViewModels.csproj", "{15261443-E450-43D5-A790-5223ACA5D91B}"
EndProject
Project("{FAE04EC0-301F-11D3-BF4B-00C04F79EFBC}") = "VideoStore.Views", "VideoStore.Views\VideoStore.Views.csproj", "{6D5275A7-7265-4420-BE27-74FDBDDEC485}"
EndProject
Project("{FAE04EC0-301F-11D3-BF4B-00C04F79EFBC}") = "VideoStore.Models", "VideoStore.Models\VideoStore.Models.csproj", "{AE4CBA8F-EC8A-4973-9830-91AE62B86EE7}"
EndProject
Project("{FAE04EC0-301F-11D3-BF4B-00C04F79EFBC}") = "VideoStore.DA", "VideoStore.DA\VideoStore.DA.csproj", "{1EF7718B-617F-4673-8C9D-D542C8A387F1}"
EndProject
Project("{FAE04EC0-301F-11D3-BF4B-00C04F79EFBC}") = "Provider", "Provider\Provider.csproj", "{3A5A7DC2-5601-4E62-87F4-4ED0E03DCD77}"
EndProject
Project("{FAE04EC0-301F-11D3-BF4B-00C04F79EFBC}") = "VideoStore.Presenter", "VideoStore.Presenter\VideoStore.Presenter.csproj", "{4965ECA1-6A9E-494E-9DD9-5DD7ED62104C}"
EndProject
Project("{FAE04EC0-301F-11D3-BF4B-00C04F79EFBC}") = "VideoStore.ViewModels.Contracts", "VideoStore.ViewModels.Contracts\VideoStore.ViewModels.Contracts.csproj", "{E8B1F9ED-6E5F-43FB-9BD4-6C163558C2B0}"
EndProject
Project("{FAE04EC0-301F-11D3-BF4B-00C04F79EFBC}") = "Provider.Contracts", "Provider.Contracts\Provider.Contracts.csproj", "{DA2C512F-9ED3-48B9-8C1E-342E21110EA7}"
EndProject
Project("{FAE04EC0-301F-11D3-BF4B-00C04F79EFBC}") = "Security", "Security\Security.csproj", "{1716E9B6-78F9-4A0C-A011-674C3BA271D3}"
EndProject
Project("{FAE04EC0-301F-11D3-BF4B-00C04F79EFBC}") = "VideoStore.Controller", "VideoStore.Controller\VideoStore.Controller.csproj", "{20501D28-D2B3-45B8-9CFD-BADB69BD339E}"
EndProject
Project("{FAE04EC0-301F-11D3-BF4B-00C04F79EFBC}") = "VideoStore.Controller.Contracts", "VideoStore.Controller.Contracts\VideoStore.Controller.Contracts.csproj", "{F78C3A9A-6EE1-4B41-B1F0-4FA8E8BE70B9}"
EndProject
Project("{FAE04EC0-301F-11D3-BF4B-00C04F79EFBC}") = "VideoStore.Repositories", "VideoStore.Repositories\VideoStore.Repositories.csproj", "{11CA2A09-DA07-40DF-B398-89340ACC8E3D}"
EndProject
Global
	GlobalSection(SolutionConfigurationPlatforms) = preSolution
		Debug|Any CPU = Debug|Any CPU
		Release|Any CPU = Release|Any CPU
	EndGlobalSection
	GlobalSection(ProjectConfigurationPlatforms) = postSolution
		{E5EA0189-3E57-4DD8-8033-AF1B6562F173}.Debug|Any CPU.ActiveCfg = Debug|Any CPU
		{E5EA0189-3E57-4DD8-8033-AF1B6562F173}.Debug|Any CPU.Build.0 = Debug|Any CPU
		{E5EA0189-3E57-4DD8-8033-AF1B6562F173}.Release|Any CPU.ActiveCfg = Release|Any CPU
		{E5EA0189-3E57-4DD8-8033-AF1B6562F173}.Release|Any CPU.Build.0 = Release|Any CPU
		{15261443-E450-43D5-A790-5223ACA5D91B}.Debug|Any CPU.ActiveCfg = Debug|Any CPU
		{15261443-E450-43D5-A790-5223ACA5D91B}.Debug|Any CPU.Build.0 = Debug|Any CPU
		{15261443-E450-43D5-A790-5223ACA5D91B}.Release|Any CPU.ActiveCfg = Release|Any CPU
		{15261443-E450-43D5-A790-5223ACA5D91B}.Release|Any CPU.Build.0 = Release|Any CPU
		{6D5275A7-7265-4420-BE27-74FDBDDEC485}.Debug|Any CPU.ActiveCfg = Debug|Any CPU
		{6D5275A7-7265-4420-BE27-74FDBDDEC485}.Debug|Any CPU.Build.0 = Debug|Any CPU
		{6D5275A7-7265-4420-BE27-74FDBDDEC485}.Release|Any CPU.ActiveCfg = Release|Any CPU
		{6D5275A7-7265-4420-BE27-74FDBDDEC485}.Release|Any CPU.Build.0 = Release|Any CPU
		{AE4CBA8F-EC8A-4973-9830-91AE62B86EE7}.Debug|Any CPU.ActiveCfg = Debug|Any CPU
		{AE4CBA8F-EC8A-4973-9830-91AE62B86EE7}.Debug|Any CPU.Build.0 = Debug|Any CPU
		{AE4CBA8F-EC8A-4973-9830-91AE62B86EE7}.Release|Any CPU.ActiveCfg = Release|Any CPU
		{AE4CBA8F-EC8A-4973-9830-91AE62B86EE7}.Release|Any CPU.Build.0 = Release|Any CPU
		{1EF7718B-617F-4673-8C9D-D542C8A387F1}.Debug|Any CPU.ActiveCfg = Debug|Any CPU
		{1EF7718B-617F-4673-8C9D-D542C8A387F1}.Debug|Any CPU.Build.0 = Debug|Any CPU
		{1EF7718B-617F-4673-8C9D-D542C8A387F1}.Release|Any CPU.ActiveCfg = Release|Any CPU
		{1EF7718B-617F-4673-8C9D-D542C8A387F1}.Release|Any CPU.Build.0 = Release|Any CPU
		{3A5A7DC2-5601-4E62-87F4-4ED0E03DCD77}.Debug|Any CPU.ActiveCfg = Debug|Any CPU
		{3A5A7DC2-5601-4E62-87F4-4ED0E03DCD77}.Debug|Any CPU.Build.0 = Debug|Any CPU
		{3A5A7DC2-5601-4E62-87F4-4ED0E03DCD77}.Release|Any CPU.ActiveCfg = Release|Any CPU
		{3A5A7DC2-5601-4E62-87F4-4ED0E03DCD77}.Release|Any CPU.Build.0 = Release|Any CPU
		{4965ECA1-6A9E-494E-9DD9-5DD7ED62104C}.Debug|Any CPU.ActiveCfg = Debug|Any CPU
		{4965ECA1-6A9E-494E-9DD9-5DD7ED62104C}.Debug|Any CPU.Build.0 = Debug|Any CPU
		{4965ECA1-6A9E-494E-9DD9-5DD7ED62104C}.Release|Any CPU.ActiveCfg = Release|Any CPU
		{4965ECA1-6A9E-494E-9DD9-5DD7ED62104C}.Release|Any CPU.Build.0 = Release|Any CPU
		{E8B1F9ED-6E5F-43FB-9BD4-6C163558C2B0}.Debug|Any CPU.ActiveCfg = Debug|Any CPU
		{E8B1F9ED-6E5F-43FB-9BD4-6C163558C2B0}.Debug|Any CPU.Build.0 = Debug|Any CPU
		{E8B1F9ED-6E5F-43FB-9BD4-6C163558C2B0}.Release|Any CPU.ActiveCfg = Release|Any CPU
		{E8B1F9ED-6E5F-43FB-9BD4-6C163558C2B0}.Release|Any CPU.Build.0 = Release|Any CPU
		{DA2C512F-9ED3-48B9-8C1E-342E21110EA7}.Debug|Any CPU.ActiveCfg = Debug|Any CPU
		{DA2C512F-9ED3-48B9-8C1E-342E21110EA7}.Debug|Any CPU.Build.0 = Debug|Any CPU
		{DA2C512F-9ED3-48B9-8C1E-342E21110EA7}.Release|Any CPU.ActiveCfg = Release|Any CPU
		{DA2C512F-9ED3-48B9-8C1E-342E21110EA7}.Release|Any CPU.Build.0 = Release|Any CPU
		{1716E9B6-78F9-4A0C-A011-674C3BA271D3}.Debug|Any CPU.ActiveCfg = Debug|Any CPU
		{1716E9B6-78F9-4A0C-A011-674C3BA271D3}.Debug|Any CPU.Build.0 = Debug|Any CPU
		{1716E9B6-78F9-4A0C-A011-674C3BA271D3}.Release|Any CPU.ActiveCfg = Release|Any CPU
		{1716E9B6-78F9-4A0C-A011-674C3BA271D3}.Release|Any CPU.Build.0 = Release|Any CPU
		{20501D28-D2B3-45B8-9CFD-BADB69BD339E}.Debug|Any CPU.ActiveCfg = Debug|Any CPU
		{20501D28-D2B3-45B8-9CFD-BADB69BD339E}.Debug|Any CPU.Build.0 = Debug|Any CPU
		{20501D28-D2B3-45B8-9CFD-BADB69BD339E}.Release|Any CPU.ActiveCfg = Release|Any CPU
		{20501D28-D2B3-45B8-9CFD-BADB69BD339E}.Release|Any CPU.Build.0 = Release|Any CPU
		{F78C3A9A-6EE1-4B41-B1F0-4FA8E8BE70B9}.Debug|Any CPU.ActiveCfg = Debug|Any CPU
		{F78C3A9A-6EE1-4B41-B1F0-4FA8E8BE70B9}.Debug|Any CPU.Build.0 = Debug|Any CPU
		{F78C3A9A-6EE1-4B41-B1F0-4FA8E8BE70B9}.Release|Any CPU.ActiveCfg = Release|Any CPU
		{F78C3A9A-6EE1-4B41-B1F0-4FA8E8BE70B9}.Release|Any CPU.Build.0 = Release|Any CPU
		{11CA2A09-DA07-40DF-B398-89340ACC8E3D}.Debug|Any CPU.ActiveCfg = Debug|Any CPU
		{11CA2A09-DA07-40DF-B398-89340ACC8E3D}.Debug|Any CPU.Build.0 = Debug|Any CPU
		{11CA2A09-DA07-40DF-B398-89340ACC8E3D}.Release|Any CPU.ActiveCfg = Release|Any CPU
		{11CA2A09-DA07-40DF-B398-89340ACC8E3D}.Release|Any CPU.Build.0 = Release|Any CPU
	EndGlobalSection
	GlobalSection(SolutionProperties) = preSolution
		HideSolutionNode = FALSE
	EndGlobalSection
EndGlobal
